
Microsoft Visual Studio Solution File, Format Version 12.00
# Visual Studio Version 16
VisualStudioVersion = 16.0.30011.22
MinimumVisualStudioVersion = 10.0.40219.1
Project("{FAE04EC0-301F-11D3-BF4B-00C04F79EFBC}") = "Scala.Calculator01.WPF", "Scala.Calculator01.WPF\Scala.Calculator01.WPF.csproj", "{8C982850-3147-4676-87EF-881871D726B8}"
EndProject
Global
	GlobalSection(SolutionConfigurationPlatforms) = preSolution
		Debug|Any CPU = Debug|Any CPU
		Release|Any CPU = Release|Any CPU
	EndGlobalSection
	GlobalSection(ProjectConfigurationPlatforms) = postSolution
		{8C982850-3147-4676-87EF-881871D726B8}.Debug|Any CPU.ActiveCfg = Debug|Any CPU
		{8C982850-3147-4676-87EF-881871D726B8}.Debug|Any CPU.Build.0 = Debug|Any CPU
		{8C982850-3147-4676-87EF-881871D726B8}.Release|Any CPU.ActiveCfg = Release|Any CPU
		{8C982850-3147-4676-87EF-881871D726B8}.Release|Any CPU.Build.0 = Release|Any CPU
	EndGlobalSection
	GlobalSection(SolutionProperties) = preSolution
		HideSolutionNode = FALSE
	EndGlobalSection
	GlobalSection(ExtensibilityGlobals) = postSolution
		SolutionGuid = {F623B39C-65C8-4CB7-AFD8-EB77BF91A343}
	EndGlobalSection
EndGlobal
